PODS:
  - Flutter (1.0.0)
  - "permission_handler (4.4.0+hotfix.4)":
    - Flutter
  - polar_ble_sdk (0.0.1):
    - Flutter
    - streams_channel
  - streams_channel (0.0.1):
    - Flutter

DEPENDENCIES:
  - Flutter (from `Flutter`)
  - permission_handler (from `.symlinks/plugins/permission_handler/ios`)
  - polar_ble_sdk (from `.symlinks/plugins/polar_ble_sdk/ios`)
  - streams_channel (from `.symlinks/plugins/streams_channel/ios`)

EXTERNAL SOURCES:
  Flutter:
    :path: Flutter
  permission_handler:
    :path: ".symlinks/plugins/permission_handler/ios"
  polar_ble_sdk:
    :path: ".symlinks/plugins/polar_ble_sdk/ios"
  streams_channel:
    :path: ".symlinks/plugins/streams_channel/ios"

SPEC CHECKSUMS:
  Flutter: 50d75fe2f02b26cc09d224853bb45737f8b3214a
  permission_handler: 8278954f2382902f63f00dd8828769c0bd6d511b
  polar_ble_sdk: c515befccb87d20cb44285c06359cb31ffae7de2
  streams_channel: 16855ffd0568eded9563b2fec6a1bfa94420b353

PODFILE CHECKSUM: aafe91acc616949ddb318b77800a7f51bffa2a4c

COCOAPODS: 1.11.2
