PODS:
  - Flutter (1.0.0)
  - "permission_handler (4.4.0+hotfix.4)":
    - Flutter
  - polar_ble_sdk (0.0.1):
    - Flutter
    - streams_channel
  - streams_channel (0.0.1):
    - Flutter

DEPENDENCIES:
  - Flutter (from `Flutter`)
  - permission_handler (from `.symlinks/plugins/permission_handler/ios`)
  - polar_ble_sdk (from `.symlinks/plugins/polar_ble_sdk/ios`)
  - streams_channel (from `.symlinks/plugins/streams_channel/ios`)

EXTERNAL SOURCES:
  Flutter:
    :path: Flutter
  permission_handler:
    :path: ".symlinks/plugins/permission_handler/ios"
  polar_ble_sdk:
    :path: ".symlinks/plugins/polar_ble_sdk/ios"
  streams_channel:
    :path: ".symlinks/plugins/streams_channel/ios"

SPEC CHECKSUMS:
  Flutter: 0e3d915762c693b495b44d77113d4970485de6ec
  permission_handler: 8278954f2382902f63f00dd8828769c0bd6d511b
  polar_ble_sdk: 033ee89f1501d0ae4c4c5ad1ccec34445d32dfef
  streams_channel: 16855ffd0568eded9563b2fec6a1bfa94420b353

PODFILE CHECKSUM: aafe91acc616949ddb318b77800a7f51bffa2a4c

COCOAPODS: 1.10.1
